{
  "lockfile_version": "1",
  "packages": {
    "gem": {
      "last_modified": "",
      "resolved": "github:NixOS/nixpkgs/f80ac848e3d6f0c12c52758c0f25c10c97ca3b62#gem",
      "version": ""
    },
    "go": {
      "last_modified": "",
      "resolved": "github:NixOS/nixpkgs/f80ac848e3d6f0c12c52758c0f25c10c97ca3b62#go",
      "version": ""
    },
    "graphviz": {
      "last_modified": "",
      "resolved": "github:NixOS/nixpkgs/f80ac848e3d6f0c12c52758c0f25c10c97ca3b62#graphviz",
      "version": ""
    },
    "zsh": {
      "last_modified": "",
      "resolved": "github:NixOS/nixpkgs/f80ac848e3d6f0c12c52758c0f25c10c97ca3b62#zsh",
      "version": ""
    }
  }
}